{
  "name": "skillrun-ci-harness",
  "version": "0.1.0",
  "lockfileVersion": 3,
  "requires": true,
  "packages": {
    "": {
      "name": "skillrun-ci-harness",
      "version": "0.1.0",
      "license": "MIT",
      "bin": {
        "skillrun-ci-harness": "bin/skillrun-ci-harness.js"
      },
      "engines": {
        "node": ">=20"
      }
    }
  }
}
